
Microsoft Visual Studio Solution File, Format Version 12.00
# Visual Studio Version 17
VisualStudioVersion = 17.14.36915.13 d17.14
MinimumVisualStudioVersion = 10.0.40219.1
Project("{FAE04EC0-301F-11D3-BF4B-00C04F79EFBC}") = "GestorHeroes", "GestorHeroes\GestorHeroes.csproj", "{8898E586-9FB8-48C7-8017-7E7F2580D4E7}"
EndProject
Global
	GlobalSection(SolutionConfigurationPlatforms) = preSolution
		Debug|Any CPU = Debug|Any CPU
		Release|Any CPU = Release|Any CPU
	EndGlobalSection
	GlobalSection(ProjectConfigurationPlatforms) = postSolution
		{8898E586-9FB8-48C7-8017-7E7F2580D4E7}.Debug|Any CPU.ActiveCfg = Debug|Any CPU
		{8898E586-9FB8-48C7-8017-7E7F2580D4E7}.Debug|Any CPU.Build.0 = Debug|Any CPU
		{8898E586-9FB8-48C7-8017-7E7F2580D4E7}.Release|Any CPU.ActiveCfg = Release|Any CPU
		{8898E586-9FB8-48C7-8017-7E7F2580D4E7}.Release|Any CPU.Build.0 = Release|Any CPU
	EndGlobalSection
	GlobalSection(SolutionProperties) = preSolution
		HideSolutionNode = FALSE
	EndGlobalSection
	GlobalSection(ExtensibilityGlobals) = postSolution
		SolutionGuid = {B4EB56D7-EB5A-4703-B5A4-5A54064A1382}
	EndGlobalSection
EndGlobal
